
Microsoft Visual Studio Solution File, Format Version 12.00
# Visual Studio Version 17
VisualStudioVersion = 17.7.34221.43
MinimumVisualStudioVersion = 10.0.40219.1
Project("{FAE04EC0-301F-11D3-BF4B-00C04F79EFBC}") = "AIConsoleApp", "AIConsoleApp\AIConsoleApp.csproj", "{BEF6874A-9F98-42BC-B9F7-DAD7F4750538}"
EndProject
Project("{FAE04EC0-301F-11D3-BF4B-00C04F79EFBC}") = "AI", "AI\AI.csproj", "{99EAEF40-C03A-4F0C-8F1F-0CD033DD35FF}"
EndProject
Global
	GlobalSection(SolutionConfigurationPlatforms) = preSolution
		Debug|Any CPU = Debug|Any CPU
		Release|Any CPU = Release|Any CPU
	EndGlobalSection
	GlobalSection(ProjectConfigurationPlatforms) = postSolution
		{BEF6874A-9F98-42BC-B9F7-DAD7F4750538}.Debug|Any CPU.ActiveCfg = Debug|Any CPU
		{BEF6874A-9F98-42BC-B9F7-DAD7F4750538}.Debug|Any CPU.Build.0 = Debug|Any CPU
		{BEF6874A-9F98-42BC-B9F7-DAD7F4750538}.Release|Any CPU.ActiveCfg = Release|Any CPU
		{BEF6874A-9F98-42BC-B9F7-DAD7F4750538}.Release|Any CPU.Build.0 = Release|Any CPU
		{99EAEF40-C03A-4F0C-8F1F-0CD033DD35FF}.Debug|Any CPU.ActiveCfg = Debug|Any CPU
		{99EAEF40-C03A-4F0C-8F1F-0CD033DD35FF}.Debug|Any CPU.Build.0 = Debug|Any CPU
		{99EAEF40-C03A-4F0C-8F1F-0CD033DD35FF}.Release|Any CPU.ActiveCfg = Release|Any CPU
		{99EAEF40-C03A-4F0C-8F1F-0CD033DD35FF}.Release|Any CPU.Build.0 = Release|Any CPU
	EndGlobalSection
	GlobalSection(SolutionProperties) = preSolution
		HideSolutionNode = FALSE
	EndGlobalSection
	GlobalSection(ExtensibilityGlobals) = postSolution
		SolutionGuid = {1AD7DAE2-C140-48BA-B292-5DEE580B8AE3}
	EndGlobalSection
EndGlobal
